// !$*UTF8*$!
{
	archiveVersion = 1;
	classes = {
	};
	objectVersion = 56;
	objects = {

/* Begin PBXBuildFile section */
		C1C04BA6291159CF00C37B24 /* SampleObject.swift in Sources */ = {isa = PBXBuildFile; fileRef = C1C04BA5291159CF00C37B24 /* SampleObject.swift */; };
		C1C5F7A5290D0B4F0048C1F3 /* MiniMap.swift in Sources */ = {isa = PBXBuildFile; fileRef = C1C5F7A4290D0B4F0048C1F3 /* MiniMap.swift */; };
		C1EACF62290BFA0100B2AECF /* InspectingTheViewTreeApp.swift in Sources */ = {isa = PBXBuildFile; fileRef = C1EACF61290BFA0100B2AECF /* InspectingTheViewTreeApp.swift */; };
		C1EACF64290BFA0100B2AECF /* ContentView.swift in Sources */ = {isa = PBXBuildFile; fileRef = C1EACF63290BFA0100B2AECF /* ContentView.swift */; };
		C1EACF66290BFA0300B2AECF /* Assets.xcassets in Resources */ = {isa = PBXBuildFile; fileRef = C1EACF65290BFA0300B2AECF /* Assets.xcassets */; };
		C1EACF6A290BFA0300B2AECF /* Preview Assets.xcassets in Resources */ = {isa = PBXBuildFile; fileRef = C1EACF69290BFA0300B2AECF /* Preview Assets.xcassets */; };
		C1EACF71290BFB2200B2AECF /* MyViewType.swift in Sources */ = {isa = PBXBuildFile; fileRef = C1EACF70290BFB2200B2AECF /* MyViewType.swift */; };
		C1EACF73290BFD6100B2AECF /* MyFormField.swift in Sources */ = {isa = PBXBuildFile; fileRef = C1EACF72290BFD6100B2AECF /* MyFormField.swift */; };
/* End PBXBuildFile section */

/* Begin PBXFileReference section */
		C1C04BA5291159CF00C37B24 /* SampleObject.swift */ = {isa = PBXFileReference; lastKnownFileType = sourcecode.swift; path = SampleObject.swift; sourceTree = "<group>"; };
		C1C5F7A4290D0B4F0048C1F3 /* MiniMap.swift */ = {isa = PBXFileReference; lastKnownFileType = sourcecode.swift; path = MiniMap.swift; sourceTree = "<group>"; };
		C1EACF5E290BFA0100B2AECF /* InspectingTheViewTree.app */ = {isa = PBXFileReference; explicitFileType = wrapper.application; includeInIndex = 0; path = InspectingTheViewTree.app; sourceTree = BUILT_PRODUCTS_DIR; };
		C1EACF61290BFA0100B2AECF /* InspectingTheViewTreeApp.swift */ = {isa = PBXFileReference; lastKnownFileType = sourcecode.swift; path = InspectingTheViewTreeApp.swift; sourceTree = "<group>"; };
		C1EACF63290BFA0100B2AECF /* ContentView.swift */ = {isa = PBXFileReference; lastKnownFileType = sourcecode.swift; path = ContentView.swift; sourceTree = "<group>"; };
		C1EACF65290BFA0300B2AECF /* Assets.xcassets */ = {isa = PBXFileReference; lastKnownFileType = folder.assetcatalog; path = Assets.xcassets; sourceTree = "<group>"; };
		C1EACF67290BFA0300B2AECF /* InspectingTheViewTree.entitlements */ = {isa = PBXFileReference; lastKnownFileType = text.plist.entitlements; path = InspectingTheViewTree.entitlements; sourceTree = "<group>"; };
		C1EACF69290BFA0300B2AECF /* Preview Assets.xcassets */ = {isa = PBXFileReference; lastKnownFileType = folder.assetcatalog; path = "Preview Assets.xcassets"; sourceTree = "<group>"; };
		C1EACF70290BFB2200B2AECF /* MyViewType.swift */ = {isa = PBXFileReference; lastKnownFileType = sourcecode.swift; path = MyViewType.swift; sourceTree = "<group>"; };
		C1EACF72290BFD6100B2AECF /* MyFormField.swift */ = {isa = PBXFileReference; lastKnownFileType = sourcecode.swift; path = MyFormField.swift; sourceTree = "<group>"; };
/* End PBXFileReference section */

/* Begin PBXFrameworksBuildPhase section */
		C1EACF5B290BFA0100B2AECF /* Frameworks */ = {
			isa = PBXFrameworksBuildPhase;
			buildActionMask = 2147483647;
			files = (
			);
			runOnlyForDeploymentPostprocessing = 0;
		};
/* End PBXFrameworksBuildPhase section */

/* Begin PBXGroup section */
		C1EACF55290BFA0100B2AECF = {
			isa = PBXGroup;
			children = (
				C1EACF60290BFA0100B2AECF /* InspectingTheViewTree */,
				C1EACF5F290BFA0100B2AECF /* Products */,
			);
			sourceTree = "<group>";
		};
		C1EACF5F290BFA0100B2AECF /* Products */ = {
			isa = PBXGroup;
			children = (
				C1EACF5E290BFA0100B2AECF /* InspectingTheViewTree.app */,
			);
			name = Products;
			sourceTree = "<group>";
		};
		C1EACF60290BFA0100B2AECF /* InspectingTheViewTree */ = {
			isa = PBXGroup;
			children = (
				C1EACF61290BFA0100B2AECF /* InspectingTheViewTreeApp.swift */,
				C1EACF63290BFA0100B2AECF /* ContentView.swift */,
				C1C04BA5291159CF00C37B24 /* SampleObject.swift */,
				C1C5F7A4290D0B4F0048C1F3 /* MiniMap.swift */,
				C1EACF72290BFD6100B2AECF /* MyFormField.swift */,
				C1EACF70290BFB2200B2AECF /* MyViewType.swift */,
				C1EACF65290BFA0300B2AECF /* Assets.xcassets */,
				C1EACF67290BFA0300B2AECF /* InspectingTheViewTree.entitlements */,
				C1EACF68290BFA0300B2AECF /* Preview Content */,
			);
			path = InspectingTheViewTree;
			sourceTree = "<group>";
		};
		C1EACF68290BFA0300B2AECF /* Preview Content */ = {
			isa = PBXGroup;
			children = (
				C1EACF69290BFA0300B2AECF /* Preview Assets.xcassets */,
			);
			path = "Preview Content";
			sourceTree = "<group>";
		};
/* End PBXGroup section */

/* Begin PBXNativeTarget section */
		C1EACF5D290BFA0100B2AECF /* InspectingTheViewTree */ = {
			isa = PBXNativeTarget;
			buildConfigurationList = C1EACF6D290BFA0300B2AECF /* Build configuration list for PBXNativeTarget "InspectingTheViewTree" */;
			buildPhases = (
				C1EACF5A290BFA0100B2AECF /* Sources */,
				C1EACF5B290BFA0100B2AECF /* Frameworks */,
				C1EACF5C290BFA0100B2AECF /* Resources */,
			);
			buildRules = (
			);
			dependencies = (
			);
			name = InspectingTheViewTree;
			productName = InspectingTheViewTree;
			productReference = C1EACF5E290BFA0100B2AECF /* InspectingTheViewTree.app */;
			productType = "com.apple.product-type.application";
		};
/* End PBXNativeTarget section */

/* Begin PBXProject section */
		C1EACF56290BFA0100B2AECF /* Project object */ = {
			isa = PBXProject;
			attributes = {
				BuildIndependentTargetsInParallel = 1;
				LastSwiftUpdateCheck = 1400;
				LastUpgradeCheck = 1400;
				TargetAttributes = {
					C1EACF5D290BFA0100B2AECF = {
						CreatedOnToolsVersion = 14.0;
					};
				};
			};
			buildConfigurationList = C1EACF59290BFA0100B2AECF /* Build configuration list for PBXProject "InspectingTheViewTree" */;
			compatibilityVersion = "Xcode 14.0";
			developmentRegion = en;
			hasScannedForEncodings = 0;
			knownRegions = (
				en,
				Base,
			);
			mainGroup = C1EACF55290BFA0100B2AECF;
			productRefGroup = C1EACF5F290BFA0100B2AECF /* Products */;
			projectDirPath = "";
			projectRoot = "";
			targets = (
				C1EACF5D290BFA0100B2AECF /* InspectingTheViewTree */,
			);
		};
/* End PBXProject section */

/* Begin PBXResourcesBuildPhase section */
		C1EACF5C290BFA0100B2AECF /* Resources */ = {
			isa = PBXResourcesBuildPhase;
			buildActionMask = 2147483647;
			files = (
				C1EACF6A290BFA0300B2AECF /* Preview Assets.xcassets in Resources */,
				C1EACF66290BFA0300B2AECF /* Assets.xcassets in Resources */,
			);
			runOnlyForDeploymentPostprocessing = 0;
		};
/* End PBXResourcesBuildPhase section */

/* Begin PBXSourcesBuildPhase section */
		C1EACF5A290BFA0100B2AECF /* Sources */ = {
			isa = PBXSourcesBuildPhase;
			buildActionMask = 2147483647;
			files = (
				C1EACF71290BFB2200B2AECF /* MyViewType.swift in Sources */,
				C1EACF64290BFA0100B2AECF /* ContentView.swift in Sources */,
				C1EACF73290BFD6100B2AECF /* MyFormField.swift in Sources */,
				C1C5F7A5290D0B4F0048C1F3 /* MiniMap.swift in Sources */,
				C1C04BA6291159CF00C37B24 /* SampleObject.swift in Sources */,
				C1EACF62290BFA0100B2AECF /* InspectingTheViewTreeApp.swift in Sources */,
			);
			runOnlyForDeploymentPostprocessing = 0;
		};
/* End PBXSourcesBuildPhase section */

/* Begin XCBuildConfiguration section */
		C1EACF6B290BFA0300B2AECF /* Debug */ = {
			isa = XCBuildConfiguration;
			buildSettings = {
				ALWAYS_SEARCH_USER_PATHS = NO;
				CLANG_ANALYZER_NONNULL = YES;
				CLANG_ANALYZER_NUMBER_OBJECT_CONVERSION = YES_AGGRESSIVE;
				CLANG_CXX_LANGUAGE_STANDARD = "gnu++20";
				CLANG_ENABLE_MODULES = YES;
				CLANG_ENABLE_OBJC_ARC = YES;
				CLANG_ENABLE_OBJC_WEAK = YES;
				CLANG_WARN_BLOCK_CAPTURE_AUTORELEASING = YES;
				CLANG_WARN_BOOL_CONVERSION = YES;
				CLANG_WARN_COMMA = YES;
				CLANG_WARN_CONSTANT_CONVERSION = YES;
				CLANG_WARN_DEPRECATED_OBJC_IMPLEMENTATIONS = YES;
				CLANG_WARN_DIRECT_OBJC_ISA_USAGE = YES_ERROR;
				CLANG_WARN_DOCUMENTATION_COMMENTS = YES;
				CLANG_WARN_EMPTY_BODY = YES;
				CLANG_WARN_ENUM_CONVERSION = YES;
				CLANG_WARN_INFINITE_RECURSION = YES;
				CLANG_WARN_INT_CONVERSION = YES;
				CLANG_WARN_NON_LITERAL_NULL_CONVERSION = YES;
				CLANG_WARN_OBJC_IMPLICIT_RETAIN_SELF = YES;
				CLANG_WARN_OBJC_LITERAL_CONVERSION = YES;
				CLANG_WARN_OBJC_ROOT_CLASS = YES_ERROR;
				CLANG_WARN_QUOTED_INCLUDE_IN_FRAMEWORK_HEADER = YES;
				CLANG_WARN_RANGE_LOOP_ANALYSIS = YES;
				CLANG_WARN_STRICT_PROTOTYPES = YES;
				CLANG_WARN_SUSPICIOUS_MOVE = YES;
				CLANG_WARN_UNGUARDED_AVAILABILITY = YES_AGGRESSIVE;
				CLANG_WARN_UNREACHABLE_CODE = YES;
				CLANG_WARN__DUPLICATE_METHOD_MATCH = YES;
				COPY_PHASE_STRIP = NO;
				DEBUG_INFORMATION_FORMAT = dwarf;
				ENABLE_STRICT_OBJC_MSGSEND = YES;
				ENABLE_TESTABILITY = YES;
				GCC_C_LANGUAGE_STANDARD = gnu11;
				GCC_DYNAMIC_NO_PIC = NO;
				GCC_NO_COMMON_BLOCKS = YES;
				GCC_OPTIMIZATION_LEVEL = 0;
				GCC_PREPROCESSOR_DEFINITIONS = (
					"DEBUG=1",
					"$(inherited)",
				);
				GCC_WARN_64_TO_32_BIT_CONVERSION = YES;
				GCC_WARN_ABOUT_RETURN_TYPE = YES_ERROR;
				GCC_WARN_UNDECLARED_SELECTOR = YES;
				GCC_WARN_UNINITIALIZED_AUTOS = YES_AGGRESSIVE;
				GCC_WARN_UNUSED_FUNCTION = YES;
				GCC_WARN_UNUSED_VARIABLE = YES;
				MTL_ENABLE_DEBUG_INFO = INCLUDE_SOURCE;
				MTL_FAST_MATH = YES;
				ONLY_ACTIVE_ARCH = YES;
				SWIFT_ACTIVE_COMPILATION_CONDITIONS = DEBUG;
				SWIFT_OPTIMIZATION_LEVEL = "-Onone";
			};
			name = Debug;
		};
		C1EACF6C290BFA0300B2AECF /* Release */ = {
			isa = XCBuildConfiguration;
			buildSettings = {
				ALWAYS_SEARCH_USER_PATHS = NO;
				CLANG_ANALYZER_NONNULL = YES;
				CLANG_ANALYZER_NUMBER_OBJECT_CONVERSION = YES_AGGRESSIVE;
				CLANG_CXX_LANGUAGE_STANDARD = "gnu++20";
				CLANG_ENABLE_MODULES = YES;
				CLANG_ENABLE_OBJC_ARC = YES;
				CLANG_ENABLE_OBJC_WEAK = YES;
				CLANG_WARN_BLOCK_CAPTURE_AUTORELEASING = YES;
				CLANG_WARN_BOOL_CONVERSION = YES;
				CLANG_WARN_COMMA = YES;
				CLANG_WARN_CONSTANT_CONVERSION = YES;
				CLANG_WARN_DEPRECATED_OBJC_IMPLEMENTATIONS = YES;
				CLANG_WARN_DIRECT_OBJC_ISA_USAGE = YES_ERROR;
				CLANG_WARN_DOCUMENTATION_COMMENTS = YES;
				CLANG_WARN_EMPTY_BODY = YES;
				CLANG_WARN_ENUM_CONVERSION = YES;
				CLANG_WARN_INFINITE_RECURSION = YES;
				CLANG_WARN_INT_CONVERSION = YES;
				CLANG_WARN_NON_LITERAL_NULL_CONVERSION = YES;
				CLANG_WARN_OBJC_IMPLICIT_RETAIN_SELF = YES;
				CLANG_WARN_OBJC_LITERAL_CONVERSION = YES;
				CLANG_WARN_OBJC_ROOT_CLASS = YES_ERROR;
				CLANG_WARN_QUOTED_INCLUDE_IN_FRAMEWORK_HEADER = YES;
				CLANG_WARN_RANGE_LOOP_ANALYSIS = YES;
				CLANG_WARN_STRICT_PROTOTYPES = YES;
				CLANG_WARN_SUSPICIOUS_MOVE = YES;
				CLANG_WARN_UNGUARDED_AVAILABILITY = YES_AGGRESSIVE;
				CLANG_WARN_UNREACHABLE_CODE = YES;
				CLANG_WARN__DUPLICATE_METHOD_MATCH = YES;
				COPY_PHASE_STRIP = NO;
				DEBUG_INFORMATION_FORMAT = "dwarf-with-dsym";
				ENABLE_NS_ASSERTIONS = NO;
				ENABLE_STRICT_OBJC_MSGSEND = YES;
				GCC_C_LANGUAGE_STANDARD = gnu11;
				GCC_NO_COMMON_BLOCKS = YES;
				GCC_WARN_64_TO_32_BIT_CONVERSION = YES;
				GCC_WARN_ABOUT_RETURN_TYPE = YES_ERROR;
				GCC_WARN_UNDECLARED_SELECTOR = YES;
				GCC_WARN_UNINITIALIZED_AUTOS = YES_AGGRESSIVE;
				GCC_WARN_UNUSED_FUNCTION = YES;
				GCC_WARN_UNUSED_VARIABLE = YES;
				MTL_ENABLE_DEBUG_INFO = NO;
				MTL_FAST_MATH = YES;
				SWIFT_COMPILATION_MODE = wholemodule;
				SWIFT_OPTIMIZATION_LEVEL = "-O";
			};
			name = Release;
		};
		C1EACF6E290BFA0300B2AECF /* Debug */ = {
			isa = XCBuildConfiguration;
			buildSettings = {
				ASSETCATALOG_COMPILER_APPICON_NAME = AppIcon;
				ASSETCATALOG_COMPILER_GLOBAL_ACCENT_COLOR_NAME = AccentColor;
				CODE_SIGN_ENTITLEMENTS = InspectingTheViewTree/InspectingTheViewTree.entitlements;
				CODE_SIGN_STYLE = Automatic;
				CURRENT_PROJECT_VERSION = 1;
				DEVELOPMENT_ASSET_PATHS = "\"InspectingTheViewTree/Preview Content\"";
				ENABLE_PREVIEWS = YES;
				GENERATE_INFOPLIST_FILE = YES;
				"INFOPLIST_KEY_UIApplicationSceneManifest_Generation[sdk=iphoneos*]" = YES;
				"INFOPLIST_KEY_UIApplicationSceneManifest_Generation[sdk=iphonesimulator*]" = YES;
				"INFOPLIST_KEY_UIApplicationSupportsIndirectInputEvents[sdk=iphoneos*]" = YES;
				"INFOPLIST_KEY_UIApplicationSupportsIndirectInputEvents[sdk=iphonesimulator*]" = YES;
				"INFOPLIST_KEY_UILaunchScreen_Generation[sdk=iphoneos*]" = YES;
				"INFOPLIST_KEY_UILaunchScreen_Generation[sdk=iphonesimulator*]" = YES;
				"INFOPLIST_KEY_UIStatusBarStyle[sdk=iphoneos*]" = UIStatusBarStyleDefault;
				"INFOPLIST_KEY_UIStatusBarStyle[sdk=iphonesimulator*]" = UIStatusBarStyleDefault;
				INFOPLIST_KEY_UISupportedInterfaceOrientations_iPad = "UIInterfaceOrientationPortrait UIInterfaceOrientationPortraitUpsideDown UIInterfaceOrientationLandscapeLeft UIInterfaceOrientationLandscapeRight";
				INFOPLIST_KEY_UISupportedInterfaceOrientations_iPhone = "UIInterfaceOrientationPortrait UIInterfaceOrientationLandscapeLeft UIInterfaceOrientationLandscapeRight";
				IPHONEOS_DEPLOYMENT_TARGET = 16.0;
				LD_RUNPATH_SEARCH_PATHS = "@executable_path/Frameworks";
				"LD_RUNPATH_SEARCH_PATHS[sdk=macosx*]" = "@executable_path/../Frameworks";
				MACOSX_DEPLOYMENT_TARGET = 12.3;
				MARKETING_VERSION = 1.0;
				PRODUCT_BUNDLE_IDENTIFIER = namkibeom.InspectingTheViewTree;
				PRODUCT_NAME = "$(TARGET_NAME)";
				SDKROOT = auto;
				SUPPORTED_PLATFORMS = "iphoneos iphonesimulator macosx";
				SWIFT_EMIT_LOC_STRINGS = YES;
				SWIFT_VERSION = 5.0;
				TARGETED_DEVICE_FAMILY = "1,2";
			};
			name = Debug;
		};
		C1EACF6F290BFA0300B2AECF /* Release */ = {
			isa = XCBuildConfiguration;
			buildSettings = {
				ASSETCATALOG_COMPILER_APPICON_NAME = AppIcon;
				ASSETCATALOG_COMPILER_GLOBAL_ACCENT_COLOR_NAME = AccentColor;
				CODE_SIGN_ENTITLEMENTS = InspectingTheViewTree/InspectingTheViewTree.entitlements;
				CODE_SIGN_STYLE = Automatic;
				CURRENT_PROJECT_VERSION = 1;
				DEVELOPMENT_ASSET_PATHS = "\"InspectingTheViewTree/Preview Content\"";
				ENABLE_PREVIEWS = YES;
				GENERATE_INFOPLIST_FILE = YES;
				"INFOPLIST_KEY_UIApplicationSceneManifest_Generation[sdk=iphoneos*]" = YES;
				"INFOPLIST_KEY_UIApplicationSceneManifest_Generation[sdk=iphonesimulator*]" = YES;
				"INFOPLIST_KEY_UIApplicationSupportsIndirectInputEvents[sdk=iphoneos*]" = YES;
				"INFOPLIST_KEY_UIApplicationSupportsIndirectInputEvents[sdk=iphonesimulator*]" = YES;
				"INFOPLIST_KEY_UILaunchScreen_Generation[sdk=iphoneos*]" = YES;
				"INFOPLIST_KEY_UILaunchScreen_Generation[sdk=iphonesimulator*]" = YES;
				"INFOPLIST_KEY_UIStatusBarStyle[sdk=iphoneos*]" = UIStatusBarStyleDefault;
				"INFOPLIST_KEY_UIStatusBarStyle[sdk=iphonesimulator*]" = UIStatusBarStyleDefault;
				INFOPLIST_KEY_UISupportedInterfaceOrientations_iPad = "UIInterfaceOrientationPortrait UIInterfaceOrientationPortraitUpsideDown UIInterfaceOrientationLandscapeLeft UIInterfaceOrientationLandscapeRight";
				INFOPLIST_KEY_UISupportedInterfaceOrientations_iPhone = "UIInterfaceOrientationPortrait UIInterfaceOrientationLandscapeLeft UIInterfaceOrientationLandscapeRight";
				IPHONEOS_DEPLOYMENT_TARGET = 16.0;
				LD_RUNPATH_SEARCH_PATHS = "@executable_path/Frameworks";
				"LD_RUNPATH_SEARCH_PATHS[sdk=macosx*]" = "@executable_path/../Frameworks";
				MACOSX_DEPLOYMENT_TARGET = 12.3;
				MARKETING_VERSION = 1.0;
				PRODUCT_BUNDLE_IDENTIFIER = namkibeom.InspectingTheViewTree;
				PRODUCT_NAME = "$(TARGET_NAME)";
				SDKROOT = auto;
				SUPPORTED_PLATFORMS = "iphoneos iphonesimulator macosx";
				SWIFT_EMIT_LOC_STRINGS = YES;
				SWIFT_VERSION = 5.0;
				TARGETED_DEVICE_FAMILY = "1,2";
			};
			name = Release;
		};
/* End XCBuildConfiguration section */

/* Begin XCConfigurationList section */
		C1EACF59290BFA0100B2AECF /* Build configuration list for PBXProject "InspectingTheViewTree" */ = {
			isa = XCConfigurationList;
			buildConfigurations = (
				C1EACF6B290BFA0300B2AECF /* Debug */,
				C1EACF6C290BFA0300B2AECF /* Release */,
			);
			defaultConfigurationIsVisible = 0;
			defaultConfigurationName = Release;
		};
		C1EACF6D290BFA0300B2AECF /* Build configuration list for PBXNativeTarget "InspectingTheViewTree" */ = {
			isa = XCConfigurationList;
			buildConfigurations = (
				C1EACF6E290BFA0300B2AECF /* Debug */,
				C1EACF6F290BFA0300B2AECF /* Release */,
			);
			defaultConfigurationIsVisible = 0;
			defaultConfigurationName = Release;
		};
/* End XCConfigurationList section */
	};
	rootObject = C1EACF56290BFA0100B2AECF /* Project object */;
}
